// !$*UTF8*$!
{
	archiveVersion = 1;
	classes = {
	};
	objectVersion = 50;
	objects = {

/* Begin PBXBuildFile section */
		AE42252D2487AE28005A310C /* Grid.swift in Sources */ = {isa = PBXBuildFile; fileRef = AE42252C2487AE28005A310C /* Grid.swift */; };
		AE49859B247BAA380029CDAB /* AppDelegate.swift in Sources */ = {isa = PBXBuildFile; fileRef = AE49859A247BAA380029CDAB /* AppDelegate.swift */; };
		AE49859D247BAA380029CDAB /* SceneDelegate.swift in Sources */ = {isa = PBXBuildFile; fileRef = AE49859C247BAA380029CDAB /* SceneDelegate.swift */; };
		AE49859F247BAA380029CDAB /* ContentView.swift in Sources */ = {isa = PBXBuildFile; fileRef = AE49859E247BAA380029CDAB /* ContentView.swift */; };
		AE4985A1247BAA3D0029CDAB /* Assets.xcassets in Resources */ = {isa = PBXBuildFile; fileRef = AE4985A0247BAA3D0029CDAB /* Assets.xcassets */; };
		AE4985A4247BAA3D0029CDAB /* Preview Assets.xcassets in Resources */ = {isa = PBXBuildFile; fileRef = AE4985A3247BAA3D0029CDAB /* Preview Assets.xcassets */; };
		AE4985A7247BAA3D0029CDAB /* LaunchScreen.storyboard in Resources */ = {isa = PBXBuildFile; fileRef = AE4985A5247BAA3D0029CDAB /* LaunchScreen.storyboard */; };
		AE4985AF247BD3670029CDAB /* MemoryGame.swift in Sources */ = {isa = PBXBuildFile; fileRef = AE4985AE247BD3670029CDAB /* MemoryGame.swift */; };
		AE4985B1247BE6CE0029CDAB /* EmojiMemoryGame.swift in Sources */ = {isa = PBXBuildFile; fileRef = AE4985B0247BE6CE0029CDAB /* EmojiMemoryGame.swift */; };
		AE593B662487B9D600382D38 /* GridLayout.swift in Sources */ = {isa = PBXBuildFile; fileRef = AE593B652487B9D600382D38 /* GridLayout.swift */; };
/* End PBXBuildFile section */

/* Begin PBXFileReference section */
		AE42252C2487AE28005A310C /* Grid.swift */ = {isa = PBXFileReference; lastKnownFileType = sourcecode.swift; path = Grid.swift; sourceTree = "<group>"; };
		AE498597247BAA380029CDAB /* Test.app */ = {isa = PBXFileReference; explicitFileType = wrapper.application; includeInIndex = 0; path = Test.app; sourceTree = BUILT_PRODUCTS_DIR; };
		AE49859A247BAA380029CDAB /* AppDelegate.swift */ = {isa = PBXFileReference; lastKnownFileType = sourcecode.swift; path = AppDelegate.swift; sourceTree = "<group>"; };
		AE49859C247BAA380029CDAB /* SceneDelegate.swift */ = {isa = PBXFileReference; lastKnownFileType = sourcecode.swift; path = SceneDelegate.swift; sourceTree = "<group>"; };
		AE49859E247BAA380029CDAB /* ContentView.swift */ = {isa = PBXFileReference; lastKnownFileType = sourcecode.swift; path = ContentView.swift; sourceTree = "<group>"; };
		AE4985A0247BAA3D0029CDAB /* Assets.xcassets */ = {isa = PBXFileReference; lastKnownFileType = folder.assetcatalog; path = Assets.xcassets; sourceTree = "<group>"; };
		AE4985A3247BAA3D0029CDAB /* Preview Assets.xcassets */ = {isa = PBXFileReference; lastKnownFileType = folder.assetcatalog; path = "Preview Assets.xcassets"; sourceTree = "<group>"; };
		AE4985A6247BAA3D0029CDAB /* Base */ = {isa = PBXFileReference; lastKnownFileType = file.storyboard; name = Base; path = Base.lproj/LaunchScreen.storyboard; sourceTree = "<group>"; };
		AE4985A8247BAA3D0029CDAB /* Info.plist */ = {isa = PBXFileReference; lastKnownFileType = text.plist.xml; path = Info.plist; sourceTree = "<group>"; };
		AE4985AE247BD3670029CDAB /* MemoryGame.swift */ = {isa = PBXFileReference; lastKnownFileType = sourcecode.swift; path = MemoryGame.swift; sourceTree = "<group>"; };
		AE4985B0247BE6CE0029CDAB /* EmojiMemoryGame.swift */ = {isa = PBXFileReference; lastKnownFileType = sourcecode.swift; path = EmojiMemoryGame.swift; sourceTree = "<group>"; };
		AE593B652487B9D600382D38 /* GridLayout.swift */ = {isa = PBXFileReference; fileEncoding = 4; lastKnownFileType = sourcecode.swift; path = GridLayout.swift; sourceTree = "<group>"; };
/* End PBXFileReference section */

/* Begin PBXFrameworksBuildPhase section */
		AE498594247BAA380029CDAB /* Frameworks */ = {
			isa = PBXFrameworksBuildPhase;
			buildActionMask = 2147483647;
			files = (
			);
			runOnlyForDeploymentPostprocessing = 0;
		};
/* End PBXFrameworksBuildPhase section */

/* Begin PBXGroup section */
		AE49858E247BAA380029CDAB = {
			isa = PBXGroup;
			children = (
				AE498599247BAA380029CDAB /* Test */,
				AE498598247BAA380029CDAB /* Products */,
			);
			sourceTree = "<group>";
		};
		AE498598247BAA380029CDAB /* Products */ = {
			isa = PBXGroup;
			children = (
				AE498597247BAA380029CDAB /* Test.app */,
			);
			name = Products;
			sourceTree = "<group>";
		};
		AE498599247BAA380029CDAB /* Test */ = {
			isa = PBXGroup;
			children = (
				AE593B652487B9D600382D38 /* GridLayout.swift */,
				AE49859A247BAA380029CDAB /* AppDelegate.swift */,
				AE49859C247BAA380029CDAB /* SceneDelegate.swift */,
				AE49859E247BAA380029CDAB /* ContentView.swift */,
				AE42252C2487AE28005A310C /* Grid.swift */,
				AE4985A0247BAA3D0029CDAB /* Assets.xcassets */,
				AE4985A5247BAA3D0029CDAB /* LaunchScreen.storyboard */,
				AE4985A8247BAA3D0029CDAB /* Info.plist */,
				AE4985A2247BAA3D0029CDAB /* Preview Content */,
				AE4985AE247BD3670029CDAB /* MemoryGame.swift */,
				AE4985B0247BE6CE0029CDAB /* EmojiMemoryGame.swift */,
			);
			path = Test;
			sourceTree = "<group>";
		};
		AE4985A2247BAA3D0029CDAB /* Preview Content */ = {
			isa = PBXGroup;
			children = (
				AE4985A3247BAA3D0029CDAB /* Preview Assets.xcassets */,
			);
			path = "Preview Content";
			sourceTree = "<group>";
		};
/* End PBXGroup section */

/* Begin PBXNativeTarget section */
		AE498596247BAA380029CDAB /* Test */ = {
			isa = PBXNativeTarget;
			buildConfigurationList = AE4985AB247BAA3D0029CDAB /* Build configuration list for PBXNativeTarget "Test" */;
			buildPhases = (
				AE498593247BAA380029CDAB /* Sources */,
				AE498594247BAA380029CDAB /* Frameworks */,
				AE498595247BAA380029CDAB /* Resources */,
			);
			buildRules = (
			);
			dependencies = (
			);
			name = Test;
			productName = Test;
			productReference = AE498597247BAA380029CDAB /* Test.app */;
			productType = "com.apple.product-type.application";
		};
/* End PBXNativeTarget section */

/* Begin PBXProject section */
		AE49858F247BAA380029CDAB /* Project object */ = {
			isa = PBXProject;
			attributes = {
				LastSwiftUpdateCheck = 1150;
				LastUpgradeCheck = 1150;
				ORGANIZATIONNAME = Nikhil;
				TargetAttributes = {
					AE498596247BAA380029CDAB = {
						CreatedOnToolsVersion = 11.5;
					};
				};
			};
			buildConfigurationList = AE498592247BAA380029CDAB /* Build configuration list for PBXProject "Test" */;
			compatibilityVersion = "Xcode 9.3";
			developmentRegion = en;
			hasScannedForEncodings = 0;
			knownRegions = (
				en,
				Base,
			);
			mainGroup = AE49858E247BAA380029CDAB;
			productRefGroup = AE498598247BAA380029CDAB /* Products */;
			projectDirPath = "";
			projectRoot = "";
			targets = (
				AE498596247BAA380029CDAB /* Test */,
			);
		};
/* End PBXProject section */

/* Begin PBXResourcesBuildPhase section */
		AE498595247BAA380029CDAB /* Resources */ = {
			isa = PBXResourcesBuildPhase;
			buildActionMask = 2147483647;
			files = (
				AE4985A7247BAA3D0029CDAB /* LaunchScreen.storyboard in Resources */,
				AE4985A4247BAA3D0029CDAB /* Preview Assets.xcassets in Resources */,
				AE4985A1247BAA3D0029CDAB /* Assets.xcassets in Resources */,
			);
			runOnlyForDeploymentPostprocessing = 0;
		};
/* End PBXResourcesBuildPhase section */

/* Begin PBXSourcesBuildPhase section */
		AE498593247BAA380029CDAB /* Sources */ = {
			isa = PBXSourcesBuildPhase;
			buildActionMask = 2147483647;
			files = (
				AE49859B247BAA380029CDAB /* AppDelegate.swift in Sources */,
				AE49859D247BAA380029CDAB /* SceneDelegate.swift in Sources */,
				AE4985AF247BD3670029CDAB /* MemoryGame.swift in Sources */,
				AE49859F247BAA380029CDAB /* ContentView.swift in Sources */,
				AE4985B1247BE6CE0029CDAB /* EmojiMemoryGame.swift in Sources */,
				AE593B662487B9D600382D38 /* GridLayout.swift in Sources */,
				AE42252D2487AE28005A310C /* Grid.swift in Sources */,
			);
			runOnlyForDeploymentPostprocessing = 0;
		};
/* End PBXSourcesBuildPhase section */

/* Begin PBXVariantGroup section */
		AE4985A5247BAA3D0029CDAB /* LaunchScreen.storyboard */ = {
			isa = PBXVariantGroup;
			children = (
				AE4985A6247BAA3D0029CDAB /* Base */,
			);
			name = LaunchScreen.storyboard;
			sourceTree = "<group>";
		};
/* End PBXVariantGroup section */

/* Begin XCBuildConfiguration section */
		AE4985A9247BAA3D0029CDAB /* Debug */ = {
			isa = XCBuildConfiguration;
			buildSettings = {
				ALWAYS_SEARCH_USER_PATHS = NO;
				CLANG_ANALYZER_NONNULL = YES;
				CLANG_ANALYZER_NUMBER_OBJECT_CONVERSION = YES_AGGRESSIVE;
				CLANG_CXX_LANGUAGE_STANDARD = "gnu++14";
				CLANG_CXX_LIBRARY = "libc++";
				CLANG_ENABLE_MODULES = YES;
				CLANG_ENABLE_OBJC_ARC = YES;
				CLANG_ENABLE_OBJC_WEAK = YES;
				CLANG_WARN_BLOCK_CAPTURE_AUTORELEASING = YES;
				CLANG_WARN_BOOL_CONVERSION = YES;
				CLANG_WARN_COMMA = YES;
				CLANG_WARN_CONSTANT_CONVERSION = YES;
				CLANG_WARN_DEPRECATED_OBJC_IMPLEMENTATIONS = YES;
				CLANG_WARN_DIRECT_OBJC_ISA_USAGE = YES_ERROR;
				CLANG_WARN_DOCUMENTATION_COMMENTS = YES;
				CLANG_WARN_EMPTY_BODY = YES;
				CLANG_WARN_ENUM_CONVERSION = YES;
				CLANG_WARN_INFINITE_RECURSION = YES;
				CLANG_WARN_INT_CONVERSION = YES;
				CLANG_WARN_NON_LITERAL_NULL_CONVERSION = YES;
				CLANG_WARN_OBJC_IMPLICIT_RETAIN_SELF = YES;
				CLANG_WARN_OBJC_LITERAL_CONVERSION = YES;
				CLANG_WARN_OBJC_ROOT_CLASS = YES_ERROR;
				CLANG_WARN_RANGE_LOOP_ANALYSIS = YES;
				CLANG_WARN_STRICT_PROTOTYPES = YES;
				CLANG_WARN_SUSPICIOUS_MOVE = YES;
				CLANG_WARN_UNGUARDED_AVAILABILITY = YES_AGGRESSIVE;
				CLANG_WARN_UNREACHABLE_CODE = YES;
				CLANG_WARN__DUPLICATE_METHOD_MATCH = YES;
				COPY_PHASE_STRIP = NO;
				DEBUG_INFORMATION_FORMAT = dwarf;
				ENABLE_STRICT_OBJC_MSGSEND = YES;
				ENABLE_TESTABILITY = YES;
				GCC_C_LANGUAGE_STANDARD = gnu11;
				GCC_DYNAMIC_NO_PIC = NO;
				GCC_NO_COMMON_BLOCKS = YES;
				GCC_OPTIMIZATION_LEVEL = 0;
				GCC_PREPROCESSOR_DEFINITIONS = (
					"DEBUG=1",
					"$(inherited)",
				);
				GCC_WARN_64_TO_32_BIT_CONVERSION = YES;
				GCC_WARN_ABOUT_RETURN_TYPE = YES_ERROR;
				GCC_WARN_UNDECLARED_SELECTOR = YES;
				GCC_WARN_UNINITIALIZED_AUTOS = YES_AGGRESSIVE;
				GCC_WARN_UNUSED_FUNCTION = YES;
				GCC_WARN_UNUSED_VARIABLE = YES;
				IPHONEOS_DEPLOYMENT_TARGET = 13.5;
				MTL_ENABLE_DEBUG_INFO = INCLUDE_SOURCE;
				MTL_FAST_MATH = YES;
				ONLY_ACTIVE_ARCH = YES;
				SDKROOT = iphoneos;
				SWIFT_ACTIVE_COMPILATION_CONDITIONS = DEBUG;
				SWIFT_OPTIMIZATION_LEVEL = "-Onone";
			};
			name = Debug;
		};
		AE4985AA247BAA3D0029CDAB /* Release */ = {
			isa = XCBuildConfiguration;
			buildSettings = {
				ALWAYS_SEARCH_USER_PATHS = NO;
				CLANG_ANALYZER_NONNULL = YES;
				CLANG_ANALYZER_NUMBER_OBJECT_CONVERSION = YES_AGGRESSIVE;
				CLANG_CXX_LANGUAGE_STANDARD = "gnu++14";
				CLANG_CXX_LIBRARY = "libc++";
				CLANG_ENABLE_MODULES = YES;
				CLANG_ENABLE_OBJC_ARC = YES;
				CLANG_ENABLE_OBJC_WEAK = YES;
				CLANG_WARN_BLOCK_CAPTURE_AUTORELEASING = YES;
				CLANG_WARN_BOOL_CONVERSION = YES;
				CLANG_WARN_COMMA = YES;
				CLANG_WARN_CONSTANT_CONVERSION = YES;
				CLANG_WARN_DEPRECATED_OBJC_IMPLEMENTATIONS = YES;
				CLANG_WARN_DIRECT_OBJC_ISA_USAGE = YES_ERROR;
				CLANG_WARN_DOCUMENTATION_COMMENTS = YES;
				CLANG_WARN_EMPTY_BODY = YES;
				CLANG_WARN_ENUM_CONVERSION = YES;
				CLANG_WARN_INFINITE_RECURSION = YES;
				CLANG_WARN_INT_CONVERSION = YES;
				CLANG_WARN_NON_LITERAL_NULL_CONVERSION = YES;
				CLANG_WARN_OBJC_IMPLICIT_RETAIN_SELF = YES;
				CLANG_WARN_OBJC_LITERAL_CONVERSION = YES;
				CLANG_WARN_OBJC_ROOT_CLASS = YES_ERROR;
				CLANG_WARN_RANGE_LOOP_ANALYSIS = YES;
				CLANG_WARN_STRICT_PROTOTYPES = YES;
				CLANG_WARN_SUSPICIOUS_MOVE = YES;
				CLANG_WARN_UNGUARDED_AVAILABILITY = YES_AGGRESSIVE;
				CLANG_WARN_UNREACHABLE_CODE = YES;
				CLANG_WARN__DUPLICATE_METHOD_MATCH = YES;
				COPY_PHASE_STRIP = NO;
				DEBUG_INFORMATION_FORMAT = "dwarf-with-dsym";
				ENABLE_NS_ASSERTIONS = NO;
				ENABLE_STRICT_OBJC_MSGSEND = YES;
				GCC_C_LANGUAGE_STANDARD = gnu11;
				GCC_NO_COMMON_BLOCKS = YES;
				GCC_WARN_64_TO_32_BIT_CONVERSION = YES;
				GCC_WARN_ABOUT_RETURN_TYPE = YES_ERROR;
				GCC_WARN_UNDECLARED_SELECTOR = YES;
				GCC_WARN_UNINITIALIZED_AUTOS = YES_AGGRESSIVE;
				GCC_WARN_UNUSED_FUNCTION = YES;
				GCC_WARN_UNUSED_VARIABLE = YES;
				IPHONEOS_DEPLOYMENT_TARGET = 13.5;
				MTL_ENABLE_DEBUG_INFO = NO;
				MTL_FAST_MATH = YES;
				SDKROOT = iphoneos;
				SWIFT_COMPILATION_MODE = wholemodule;
				SWIFT_OPTIMIZATION_LEVEL = "-O";
				VALIDATE_PRODUCT = YES;
			};
			name = Release;
		};
		AE4985AC247BAA3D0029CDAB /* Debug */ = {
			isa = XCBuildConfiguration;
			buildSettings = {
				ASSETCATALOG_COMPILER_APPICON_NAME = AppIcon;
				CODE_SIGN_STYLE = Automatic;
				DEVELOPMENT_ASSET_PATHS = "\"Test/Preview Content\"";
				ENABLE_PREVIEWS = YES;
				INFOPLIST_FILE = Test/Info.plist;
				LD_RUNPATH_SEARCH_PATHS = (
					"$(inherited)",
					"@executable_path/Frameworks",
				);
				PRODUCT_BUNDLE_IDENTIFIER = e.Test;
				PRODUCT_NAME = "$(TARGET_NAME)";
				SWIFT_VERSION = 5.0;
				TARGETED_DEVICE_FAMILY = "1,2";
			};
			name = Debug;
		};
		AE4985AD247BAA3D0029CDAB /* Release */ = {
			isa = XCBuildConfiguration;
			buildSettings = {
				ASSETCATALOG_COMPILER_APPICON_NAME = AppIcon;
				CODE_SIGN_STYLE = Automatic;
				DEVELOPMENT_ASSET_PATHS = "\"Test/Preview Content\"";
				ENABLE_PREVIEWS = YES;
				INFOPLIST_FILE = Test/Info.plist;
				LD_RUNPATH_SEARCH_PATHS = (
					"$(inherited)",
					"@executable_path/Frameworks",
				);
				PRODUCT_BUNDLE_IDENTIFIER = e.Test;
				PRODUCT_NAME = "$(TARGET_NAME)";
				SWIFT_VERSION = 5.0;
				TARGETED_DEVICE_FAMILY = "1,2";
			};
			name = Release;
		};
/* End XCBuildConfiguration section */

/* Begin XCConfigurationList section */
		AE498592247BAA380029CDAB /* Build configuration list for PBXProject "Test" */ = {
			isa = XCConfigurationList;
			buildConfigurations = (
				AE4985A9247BAA3D0029CDAB /* Debug */,
				AE4985AA247BAA3D0029CDAB /* Release */,
			);
			defaultConfigurationIsVisible = 0;
			defaultConfigurationName = Release;
		};
		AE4985AB247BAA3D0029CDAB /* Build configuration list for PBXNativeTarget "Test" */ = {
			isa = XCConfigurationList;
			buildConfigurations = (
				AE4985AC247BAA3D0029CDAB /* Debug */,
				AE4985AD247BAA3D0029CDAB /* Release */,
			);
			defaultConfigurationIsVisible = 0;
			defaultConfigurationName = Release;
		};
/* End XCConfigurationList section */
	};
	rootObject = AE49858F247BAA380029CDAB /* Project object */;
}
